
Microsoft Visual Studio Solution File, Format Version 12.00
# Visual Studio Version 16
VisualStudioVersion = 16.0.30907.101
MinimumVisualStudioVersion = 10.0.40219.1
Project("{FAE04EC0-301F-11D3-BF4B-00C04F79EFBC}") = "ZadatakZaPonavljanje4", "ZadatakZaPonavljanje4\ZadatakZaPonavljanje4.csproj", "{11D1E1C6-5FD2-4EDF-AC83-6687943814A9}"
EndProject
Global
	GlobalSection(SolutionConfigurationPlatforms) = preSolution
		Debug|Any CPU = Debug|Any CPU
		Release|Any CPU = Release|Any CPU
	EndGlobalSection
	GlobalSection(ProjectConfigurationPlatforms) = postSolution
		{11D1E1C6-5FD2-4EDF-AC83-6687943814A9}.Debug|Any CPU.ActiveCfg = Debug|Any CPU
		{11D1E1C6-5FD2-4EDF-AC83-6687943814A9}.Debug|Any CPU.Build.0 = Debug|Any CPU
		{11D1E1C6-5FD2-4EDF-AC83-6687943814A9}.Release|Any CPU.ActiveCfg = Release|Any CPU
		{11D1E1C6-5FD2-4EDF-AC83-6687943814A9}.Release|Any CPU.Build.0 = Release|Any CPU
	EndGlobalSection
	GlobalSection(SolutionProperties) = preSolution
		HideSolutionNode = FALSE
	EndGlobalSection
	GlobalSection(ExtensibilityGlobals) = postSolution
		SolutionGuid = {967A0AF2-3516-410C-A350-0DE153EA98BF}
	EndGlobalSection
EndGlobal
